# This file is automatically @generated by Cargo.
# It is not intended for manual editing.
version = 4

[[package]]
name = "borrowing"
version = "0.1.0"

[[package]]
name = "collections"
version = "0.1.0"

[[package]]
name = "compound"
version = "0.1.0"

[[package]]
name = "control_flow"
version = "0.1.0"

[[package]]
name = "enums"
version = "0.1.0"

[[package]]
name = "error_handling"
version = "0.1.0"

[[package]]
name = "generics"
version = "0.1.0"

[[package]]
name = "lifetimes"
version = "0.1.0"

[[package]]
name = "methods"
version = "0.1.0"

[[package]]
name = "modules"
version = "0.1.0"

[[package]]
name = "ownership"
version = "0.1.0"

[[package]]
name = "slice"
version = "0.1.0"

[[package]]
name = "structs"
version = "0.1.0"

[[package]]
name = "traits"
version = "0.1.0"

[[package]]
name = "variable"
version = "0.1.0"
